
Microsoft Visual Studio Solution File, Format Version 12.00
# Visual Studio Version 16
VisualStudioVersion = 16.0.30907.101
MinimumVisualStudioVersion = 10.0.40219.1
Project("{FAE04EC0-301F-11D3-BF4B-00C04F79EFBC}") = "PushToPlay", "PushToPlay\PushToPlay.csproj", "{744386AC-BE65-4B31-B137-5C78352DB88B}"
EndProject
Global
	GlobalSection(SolutionConfigurationPlatforms) = preSolution
		Debug|Any CPU = Debug|Any CPU
		Release|Any CPU = Release|Any CPU
	EndGlobalSection
	GlobalSection(ProjectConfigurationPlatforms) = postSolution
		{744386AC-BE65-4B31-B137-5C78352DB88B}.Debug|Any CPU.ActiveCfg = Debug|Any CPU
		{744386AC-BE65-4B31-B137-5C78352DB88B}.Debug|Any CPU.Build.0 = Debug|Any CPU
		{744386AC-BE65-4B31-B137-5C78352DB88B}.Release|Any CPU.ActiveCfg = Release|Any CPU
		{744386AC-BE65-4B31-B137-5C78352DB88B}.Release|Any CPU.Build.0 = Release|Any CPU
	EndGlobalSection
	GlobalSection(SolutionProperties) = preSolution
		HideSolutionNode = FALSE
	EndGlobalSection
	GlobalSection(ExtensibilityGlobals) = postSolution
		SolutionGuid = {F4944A77-03B7-4E34-BE82-63CC65F6A815}
	EndGlobalSection
EndGlobal
